github.com/benpate/convert v0.1.2/go.mod h1:AQdzN+DiOW8E+5n/dmDeb7PdOJp/1KuQfnB8QjBpnAc=
github.com/benpate/convert v0.1.4 h1:jJKo8cnq9EPZnjJ+gfoCNSczye2XkLW1bOWHjtvP0Vg=
github.com/benpate/convert v0.1.4/go.mod h1:vNDVXiV7YZohn+Wdzuy+e1xedZXuGS/ovmAas9z+i4o=
github.com/benpate/convert v0.7.0 h1:jQxFyjjimcXqOftVpzfBoC5VcnP3CT9/0EOqIqKDYKQ=
github.com/benpate/convert v0.7.0/go.mod h1:RdD5UC0UAI3LsGcQzq51ZVGUZyZ9g8DITcemEgZ6jkE=
github.com/benpate/convert v0.7.1 h1:cOtrcntvAcSE5GO+lVAy4VZMxFdNTqjNynJDZfnQOjQ=
github.com/benpate/convert v0.7.1/go.mod h1:pcY4F1bLyFeKC6F0CKKzUUJoWiBUfRaM+FxgTU+xG7A=
github.com/benpate/derp v0.9.4/go.mod h1:uk1EoSDvBEkBIOw4J/qeLga2kUCvKukIFFk3YE7Zjtk=
github.com/benpate/derp v0.10.0/go.mod h1:uk1EoSDvBEkBIOw4J/qeLga2kUCvKukIFFk3YE7Zjtk=
github.com/benpate/derp v0.11.0 h1:fhqtQTSODW+6lSFUCvkeuq5PdxIwRfqtPyl3T0losas=
github.com/benpate/derp v0.11.0/go.mod h1:tIAHPj44uS865TVCgkbFzm26nVawvKSVwWRPu+R3wUs=
github.com/benpate/derp v0.12.2 h1:MKKQnNfCu4n8Wu1Bbt5cCI27452/g3TM2zPJY8oj6kU=
github.com/benpate/derp v0.12.2/go.mod h1:tIAHPj44uS865TVCgkbFzm26nVawvKSVwWRPu+R3wUs=
github.com/benpate/derp v0.12.3 h1:Y0rGMPyqC1sb0uZmTKKhOYi4S4Q4HHLuV7TPfPjLS9Y=
github.com/benpate/derp v0.12.3/go.mod h1:tIAHPj44uS865TVCgkbFzm26nVawvKSVwWRPu+R3wUs=
github.com/benpate/derp v0.13.0 h1:J4J3tH9PLrLiAvaT0hMKyoMgrGRgPOizIfsHBo7qwXQ=
github.com/benpate/derp v0.13.0/go.mod h1:Zne8hUcv/ljV0xIDe58OIbcSSEl7Ckm81oWZ5NCozz0=
github.com/benpate/derp v0.14.0/go.mod h1:Zne8hUcv/ljV0xIDe58OIbcSSEl7Ckm81oWZ5NCozz0=
github.com/benpate/derp v0.14.1 h1:rX2+hueHnpbmZXTQiiQ0lmEn3LLoSSpsUVcCLaq9pxs=
github.com/benpate/derp v0.14.1/go.mod h1:Zne8hUcv/ljV0xIDe58OIbcSSEl7Ckm81oWZ5NCozz0=
github.com/benpate/derp v0.18.0 h1:u6DH1xgwuEmjtVo5wZGep1SaOpIEchCKrO8rRuNK7Xo=
github.com/benpate/derp v0.18.0/go.mod h1:Zne8hUcv/ljV0xIDe58OIbcSSEl7Ckm81oWZ5NCozz0=
github.com/benpate/list v0.0.3 h1:gIJBBqXvU7VRKiwD59YZVaMOZgunpTLARadM8wNl4zw=
github.com/benpate/list v0.0.3/go.mod h1:CwJjch4WAMRGsAYntCADywLfJzZbC7LkP0saZ+1eWmo=
github.com/benpate/list v0.3.0 h1:ke7xb8i+yDXHhUUzB7yCD/J73g9dS/BOwZ/pOso4xEo=
github.com/benpate/list v0.3.0/go.mod h1:uemdCNP+Ycdcamt3XMLtA5g1Zv8ukCC1ClaN+ppX5og=
github.com/benpate/null v0.2.0 h1:2/6UWivkbW6w1+swmWtPW4Fpy9XGc6teXJCJ565pHUw=
github.com/benpate/null v0.2.0/go.mod h1:br8iIVIEnZrPC0UbJA6ePDBwUEFqPeBQ5sEXKc917jg=
github.com/benpate/null v0.3.0 h1:y435D9MeGoxqYa66jJIe5RbMa/lcV0CMVXdhCTMlxGI=
github.com/benpate/null v0.3.0/go.mod h1:br8iIVIEnZrPC0UbJA6ePDBwUEFqPeBQ5sEXKc917jg=
github.com/benpate/null v0.4.1 h1:Cp+Xz7O5ZJyue1bLUEtwVq3+WUkozsJBQxIKWxJJH+A=
github.com/benpate/null v0.4.1/go.mod h1:Nbm9Q2f+usSG1Ddt6CoFKamzlojzbaNIB7dtr3nhzfc=
github.com/benpate/path v0.1.1 h1:TwHbEvxwZGZiQNLyDHkCmF+T9BHLgOdCNtS3HFBUc2o=
github.com/benpate/path v0.1.1/go.mod h1:+lYBAMAREaGEuHd9gnSe5FmJ/WD/zTNBmVes5apDMU8=
github.com/benpate/path v0.1.2 h1:W+8pYkE3JbkSqDDpV9WYV3kD3OguAtUWIK2bHctrDyI=
github.com/benpate/path v0.1.2/go.mod h1:Dd/z5YMpB/dxGNC9GYI4RILDvXvv15wcst0ZRa1LJrI=
github.com/benpate/path v0.1.3 h1:8J5Ok2Q93P/w815DMv8M41EuQ0G2ef7AoSnoCVfWDQM=
github.com/benpate/path v0.1.3/go.mod h1:oEiFP2GCCd0dDDjcdnyZbeTKk+SxD+JSChnbI4TNAmg=
github.com/benpate/schema v0.1.0/go.mod h1:jgNc+xyqUaG63OkVd8jApLYvDWDElgKfpt/bfk/C9x0=
github.com/benpate/schema v0.2.0 h1:yhwCSHbqudTrpV4KmBYeIluskyJ/cWyVM3wqyIkbL8I=
github.com/benpate/schema v0.2.0/go.mod h1:S9OiAaQXA1JhdCEvPoV7KFDeNdkJIvyGOLRv+qrW25w=
github.com/benpate/schema v0.3.0 h1:T8fm9ZyH0pM243K3j+wH3DoXt83gJZAt7B1CwI3tvDA=
github.com/benpate/schema v0.3.0/go.mod h1:Id4E1IpiStoqpMP8nQQk/prIAWtsCLLf07IFcpk85JE=
github.com/benpate/schema v0.4.0 h1:3mD0KpbRmkcUi35+/AwvJPc2IMvoHSrXliAg4NT7eB0=
github.com/benpate/schema v0.4.0/go.mod h1:Z+Wyx+K/Y2vgYekxu3lrExLnheuT3tkH593nbxq2Ee4=
github.com/benpate/schema v0.6.2 h1:NPe+0VVLgq06Z5q2XdTS3G6hTnRKVN60TSlJBNTNvl4=
github.com/benpate/schema v0.6.2/go.mod h1:o0hzypGMa+fEx0s1rmP69D9f03EAE7tzhaBCt6C0540=
github.com/benpate/schema v0.7.1 h1:ajY0jEsDhCSyKp2yb7VjB0nHaXaGk4H3gPvqKOy1MrU=
github.com/benpate/schema v0.7.1/go.mod h1:xyOT2YqGkcE5TtrTKwDmYQRCnGCT7J/aF5CGzOtNKmA=
github.com/benpate/schema v0.8.1 h1:nIHUlOijyIjWVewENrKULCxghXWw0Z0YRJNYEe6XuRA=
github.com/benpate/schema v0.8.1/go.mod h1:jI2LgwK68NOBIedEp4SRnuZbUW39WfuU9uFMczR1PY4=
github.com/davecgh/go-spew v1.1.0 h1:ZDRjVQ15GmhC3fiQ8ni8+OwkZQO4DARzQgrnXU1Liz8=
github.com/davecgh/go-spew v1.1.0/go.mod h1:J7Y8YcW2NihsgmVo/mv3lAwl/skON4iLHjSsI+c5H38=
github.com/davecgh/go-spew v1.1.1 h1:vj9j/u1bqnvCEfJOwUhtlOARqs3+rkHYY13jYWTU97c=
github.com/davecgh/go-spew v1.1.1/go.mod h1:J7Y8YcW2NihsgmVo/mv3lAwl/skON4iLHjSsI+c5H38=
github.com/pmezard/go-difflib v1.0.0 h1:4DBwDE0NGyQoBHbLQYPwSUPoCMWR5BEzIk/f1lZbAQM=
github.com/pmezard/go-difflib v1.0.0/go.mod h1:iKH77koFhYxTK1pcRnkKkqfTogsbg7gZNVY4sRDYZ/4=
github.com/stretchr/objx v0.1.0/go.mod h1:HFkY916IF+rwdDfMAkV7OtwuqBVzrE8GR6GFx+wExME=
github.com/stretchr/testify v1.3.0/go.mod h1:M5WIy9Dh21IEIfnGCwXGc5bZfKNJtfHm1UVUgZn+9EI=
github.com/stretchr/testify v1.5.1/go.mod h1:5W2xD1RspED5o8YsWQXVCued0rvSQ+mT+I5cxcmMvtA=
github.com/stretchr/testify v1.6.0/go.mod h1:6Fq8oRcR53rry900zMqJjRRixrwX3KX962/h/Wwjteg=
github.com/stretchr/testify v1.6.1 h1:hDPOHmpOpP40lSULcqw7IrRb/u7w6RpDC9399XyoNd0=
github.com/stretchr/testify v1.6.1/go.mod h1:6Fq8oRcR53rry900zMqJjRRixrwX3KX962/h/Wwjteg=
gopkg.in/check.v1 v0.0.0-20161208181325-20d25e280405/go.mod h1:Co6ibVJAznAaIkqp8huTwlJQCZ016jof/cbN4VW5Yz0=
gopkg.in/yaml.v2 v2.2.2/go.mod h1:hI93XBmqTisBFMUTm0b8Fm+jr3Dg1NNxqwp+5A1VGuI=
gopkg.in/yaml.v3 v3.0.0-20200313102051-9f266ea9e77c h1:dUUwHk2QECo/6vqA44rthZ8ie2QXMNeKRTHCNY2nXvo=
gopkg.in/yaml.v3 v3.0.0-20200313102051-9f266ea9e77c/go.mod h1:K4uyk7z7BCEPqu6E+C64Yfv1cQ7kz7rIZviUmN+EgEM=
