github.com/aymerick/douceur v0.2.0 h1:Mv+mAeH1Q+n9Fr+oyamOlAkUNPWPlA8PPGR0QAaYuPk=
github.com/aymerick/douceur v0.2.0/go.mod h1:wlT5vV2O3h55X9m7iVYN0TBM0NH/MmbLnd30/FjWUq4=
github.com/benpate/compare v0.1.1 h1:rpO2mLSWFEReq/hCKd4ULxJV+HSJLYINORodg8rMvMQ=
github.com/benpate/compare v0.1.1/go.mod h1:djtVm+GtoMdMKsdbOdYtd4H4/mV2sL2l/SnqiPexECU=
github.com/benpate/convert v0.12.0 h1:N4aTPQabpyoIgUSZNmkeP3t/kZo72rWaYQ9oX0ggBds=
github.com/benpate/convert v0.12.0/go.mod h1:kcwWFWAQFvp6s9s/w74gXIYRDvH7pqt83Ad9YIuwo8s=
github.com/benpate/derp v0.22.2 h1:qPcnT32VG8gqhDR4y+dhK2n/0TMvZ3RUP+HbENNogAc=
github.com/benpate/derp v0.22.2/go.mod h1:ENjMpkMmxn9gAulMAggElVcD2kNrsbjFhoZK8fUlCxY=
github.com/benpate/exp v0.1.4 h1:ISFY7Hpo9KC88zGKdL7LYHkXlRTn3ORa6wetgvHRwBs=
github.com/benpate/exp v0.1.4/go.mod h1:3vFAHjXhddBbfPpTb2HGFslAdu8LQg3C0c2AUz9/5Jg=
github.com/benpate/html v0.12.0 h1:u28c9mLwns3V1/JmRlH4vRZ4hXTUsWRy53EoPsCpHsw=
github.com/benpate/html v0.12.0/go.mod h1:ymrFrrFY9JU6StOWsd2Lc23WHIY5V+nowpuyskQtizs=
github.com/benpate/htmlconv v0.3.3 h1:PrYFgwPEZMYJRe7m3UFK8JDLGCyqaNmo20Hk4uOAhww=
github.com/benpate/htmlconv v0.3.3/go.mod h1:YDO7M9p+ZQGhtZ0u0nkHfFx031028Ab4ShM6W8c3k6w=
github.com/benpate/list v0.4.2 h1:on6Y6Fh7L+gNI41eRbeCntgNX54jQlFiO2RAa8wj0lw=
github.com/benpate/list v0.4.2/go.mod h1:qT9JMhKPxIP97Gsr+mUfvuGwwDfKsfR/jfRuWj0ogLc=
github.com/benpate/null v0.6.1 h1:MInsq7/M9E9IzF6EWeB1po5p9zQpvimw3brrU1UeRzA=
github.com/benpate/null v0.6.1/go.mod h1:gxun/MktUPdKfYWvkzCI2fCy3OX/3+sZWh01hjYdXwE=
github.com/benpate/path v0.8.3 h1:/8mxDgN8vycijcuMWWHnXiVg1ytKkCaU2XzOJbvov7k=
github.com/benpate/path v0.8.3/go.mod h1:142Jbmmb6dtRf6Icao23WfJcEhNE7zd1kUXNMkHmFDI=
github.com/benpate/schema v0.14.7 h1:43FRhG3gf1ckLxeUd4EuRIm9i3hAy0m3CgxEIvmcdfc=
github.com/benpate/schema v0.14.7/go.mod h1:5TjnCYtNnBbVmneFZ0HNhPmdI2KajlW6BgiJoSxXMU8=
github.com/davecgh/go-spew v1.1.0/go.mod h1:J7Y8YcW2NihsgmVo/mv3lAwl/skON4iLHjSsI+c5H38=
github.com/davecgh/go-spew v1.1.1 h1:vj9j/u1bqnvCEfJOwUhtlOARqs3+rkHYY13jYWTU97c=
github.com/davecgh/go-spew v1.1.1/go.mod h1:J7Y8YcW2NihsgmVo/mv3lAwl/skON4iLHjSsI+c5H38=
github.com/gorilla/css v1.0.0 h1:BQqNyPTi50JCFMTw/b67hByjMVXZRwGha6wxVGkeihY=
github.com/gorilla/css v1.0.0/go.mod h1:Dn721qIggHpt4+EFCcTLTU/vk5ySda2ReITrtgBl60c=
github.com/kr/pretty v0.1.0 h1:L/CwN0zerZDmRFUapSPitk6f+Q3+0za1rQkzVuMiMFI=
github.com/kr/text v0.2.0 h1:5Nx0Ya0ZqY2ygV366QzturHI13Jq95ApcVaJBhpS+AY=
github.com/microcosm-cc/bluemonday v1.0.18 h1:6HcxvXDAi3ARt3slx6nTesbvorIc3QeTzBNRvWktHBo=
github.com/microcosm-cc/bluemonday v1.0.18/go.mod h1:Z0r70sCuXHig8YpBzCc5eGHAap2K7e/u082ZUpDRRqM=
github.com/pmezard/go-difflib v1.0.0 h1:4DBwDE0NGyQoBHbLQYPwSUPoCMWR5BEzIk/f1lZbAQM=
github.com/pmezard/go-difflib v1.0.0/go.mod h1:iKH77koFhYxTK1pcRnkKkqfTogsbg7gZNVY4sRDYZ/4=
github.com/stretchr/objx v0.1.0/go.mod h1:HFkY916IF+rwdDfMAkV7OtwuqBVzrE8GR6GFx+wExME=
github.com/stretchr/testify v1.6.1/go.mod h1:6Fq8oRcR53rry900zMqJjRRixrwX3KX962/h/Wwjteg=
github.com/stretchr/testify v1.7.1 h1:5TQK59W5E3v0r2duFAb7P95B6hEeOyEnHRa8MjYSMTY=
github.com/stretchr/testify v1.7.1/go.mod h1:6Fq8oRcR53rry900zMqJjRRixrwX3KX962/h/Wwjteg=
golang.org/x/net v0.0.0-20210614182718-04defd469f4e/go.mod h1:9nx3DQGgdP8bBQD5qxJ1jj9UTztislL4KSBs9R2vV5Y=
golang.org/x/net v0.0.0-20220225172249-27dd8689420f h1:oA4XRj0qtSt8Yo1Zms0CUlsT3KG69V2UGQWPBxujDmc=
golang.org/x/net v0.0.0-20220225172249-27dd8689420f/go.mod h1:CfG3xpIq0wQ8r1q4Su4UZFWDARRcnwPjda9FqA0JpMk=
golang.org/x/sys v0.0.0-20201119102817-f84b799fce68/go.mod h1:h1NjWce9XRLGQEsW7wpKNCjG9DtNlClVuFLEZdDNbEs=
golang.org/x/sys v0.0.0-20210423082822-04245dca01da/go.mod h1:h1NjWce9XRLGQEsW7wpKNCjG9DtNlClVuFLEZdDNbEs=
golang.org/x/term v0.0.0-20201126162022-7de9c90e9dd1/go.mod h1:bj7SfCRtBDWHUb9snDiAeCFNEtKQo2Wmx5Cou7ajbmo=
golang.org/x/text v0.3.6/go.mod h1:5Zoc/QRtKVWzQhOtBMvqHzDpF6irO9z98xDceosuGiQ=
golang.org/x/tools v0.0.0-20180917221912-90fa682c2a6e/go.mod h1:n7NCudcB/nEzxVGmLbDWY5pfWTLqBcC2KZ6jyYvM4mQ=
gopkg.in/check.v1 v0.0.0-20161208181325-20d25e280405/go.mod h1:Co6ibVJAznAaIkqp8huTwlJQCZ016jof/cbN4VW5Yz0=
gopkg.in/check.v1 v1.0.0-20180628173108-788fd7840127 h1:qIbj1fsPNlZgppZ+VLlY7N33q108Sa+fhmuc+sWQYwY=
gopkg.in/yaml.v3 v3.0.0-20200313102051-9f266ea9e77c/go.mod h1:K4uyk7z7BCEPqu6E+C64Yfv1cQ7kz7rIZviUmN+EgEM=
gopkg.in/yaml.v3 v3.0.0-20210107192922-496545a6307b h1:h8qDotaEPuJATrMmW04NCwg7v22aHH28wwpauUhK9Oo=
gopkg.in/yaml.v3 v3.0.0-20210107192922-496545a6307b/go.mod h1:K4uyk7z7BCEPqu6E+C64Yfv1cQ7kz7rIZviUmN+EgEM=
